
Microsoft Visual Studio Solution File, Format Version 12.00
# Visual Studio Version 17
VisualStudioVersion = 17.9.34714.143
MinimumVisualStudioVersion = 10.0.40219.1
Project("{FAE04EC0-301F-11D3-BF4B-00C04F79EFBC}") = "CBSstaj", "CBSstaj\CBSstaj.csproj", "{83386B4C-6A47-46ED-975F-1DA983D92DB1}"
EndProject
Global
	GlobalSection(SolutionConfigurationPlatforms) = preSolution
		Debug|Any CPU = Debug|Any CPU
		Release|Any CPU = Release|Any CPU
	EndGlobalSection
	GlobalSection(ProjectConfigurationPlatforms) = postSolution
		{83386B4C-6A47-46ED-975F-1DA983D92DB1}.Debug|Any CPU.ActiveCfg = Debug|Any CPU
		{83386B4C-6A47-46ED-975F-1DA983D92DB1}.Debug|Any CPU.Build.0 = Debug|Any CPU
		{83386B4C-6A47-46ED-975F-1DA983D92DB1}.Release|Any CPU.ActiveCfg = Release|Any CPU
		{83386B4C-6A47-46ED-975F-1DA983D92DB1}.Release|Any CPU.Build.0 = Release|Any CPU
	EndGlobalSection
	GlobalSection(SolutionProperties) = preSolution
		HideSolutionNode = FALSE
	EndGlobalSection
	GlobalSection(ExtensibilityGlobals) = postSolution
		SolutionGuid = {44437F47-7897-4D79-ACF8-E01F240E3C82}
	EndGlobalSection
EndGlobal
